
Microsoft Visual Studio Solution File, Format Version 12.00
# Visual Studio 15
VisualStudioVersion = 15.0.27130.2024
MinimumVisualStudioVersion = 10.0.40219.1
Project("{F184B08F-C81C-45F6-A57F-5ABD9991F28F}") = "Lab04StadiumSeating", "Lab04StadiumSeating\Lab04StadiumSeating.vbproj", "{545374A7-B7B0-4AA9-A43C-0C08E5DE6F1C}"
EndProject
Global
	GlobalSection(SolutionConfigurationPlatforms) = preSolution
		Debug|Any CPU = Debug|Any CPU
		Release|Any CPU = Release|Any CPU
	EndGlobalSection
	GlobalSection(ProjectConfigurationPlatforms) = postSolution
		{545374A7-B7B0-4AA9-A43C-0C08E5DE6F1C}.Debug|Any CPU.ActiveCfg = Debug|Any CPU
		{545374A7-B7B0-4AA9-A43C-0C08E5DE6F1C}.Debug|Any CPU.Build.0 = Debug|Any CPU
		{545374A7-B7B0-4AA9-A43C-0C08E5DE6F1C}.Release|Any CPU.ActiveCfg = Release|Any CPU
		{545374A7-B7B0-4AA9-A43C-0C08E5DE6F1C}.Release|Any CPU.Build.0 = Release|Any CPU
	EndGlobalSection
	GlobalSection(SolutionProperties) = preSolution
		HideSolutionNode = FALSE
	EndGlobalSection
	GlobalSection(ExtensibilityGlobals) = postSolution
		SolutionGuid = {44CA4ED0-48B4-4441-97E9-D5290A29CA31}
	EndGlobalSection
EndGlobal
